// !$*UTF8*$!
{
	archiveVersion = 1;
	classes = {
	};
	objectVersion = 56;
	objects = {

/* Begin PBXBuildFile section */
		EDC8C30C2B8CB0F300A6A2B5 /* Executive_TimerApp.swift in Sources */ = {isa = PBXBuildFile; fileRef = EDC8C30B2B8CB0F300A6A2B5 /* Executive_TimerApp.swift */; };
		EDC8C30E2B8CB0F300A6A2B5 /* TimerView.swift in Sources */ = {isa = PBXBuildFile; fileRef = EDC8C30D2B8CB0F300A6A2B5 /* TimerView.swift */; };
		EDC8C3102B8CB0F500A6A2B5 /* Assets.xcassets in Resources */ = {isa = PBXBuildFile; fileRef = EDC8C30F2B8CB0F500A6A2B5 /* Assets.xcassets */; };
		EDC8C3132B8CB0F500A6A2B5 /* Preview Assets.xcassets in Resources */ = {isa = PBXBuildFile; fileRef = EDC8C3122B8CB0F500A6A2B5 /* Preview Assets.xcassets */; };
		EDC8C31D2B8CB0F500A6A2B5 /* Executive_TimerTests.swift in Sources */ = {isa = PBXBuildFile; fileRef = EDC8C31C2B8CB0F500A6A2B5 /* Executive_TimerTests.swift */; };
		EDC8C3272B8CB0F600A6A2B5 /* Executive_TimerUITests.swift in Sources */ = {isa = PBXBuildFile; fileRef = EDC8C3262B8CB0F600A6A2B5 /* Executive_TimerUITests.swift */; };
		EDC8C3292B8CB0F600A6A2B5 /* Executive_TimerUITestsLaunchTests.swift in Sources */ = {isa = PBXBuildFile; fileRef = EDC8C3282B8CB0F600A6A2B5 /* Executive_TimerUITestsLaunchTests.swift */; };
		EDC8C3362B8CBC3B00A6A2B5 /* ContentView.swift in Sources */ = {isa = PBXBuildFile; fileRef = EDC8C3352B8CBC3B00A6A2B5 /* ContentView.swift */; };
		EDC8C3382B8CBDB700A6A2B5 /* TimerSettingsView.swift in Sources */ = {isa = PBXBuildFile; fileRef = EDC8C3372B8CBDB700A6A2B5 /* TimerSettingsView.swift */; };
/* End PBXBuildFile section */

/* Begin PBXContainerItemProxy section */
		EDC8C3192B8CB0F500A6A2B5 /* PBXContainerItemProxy */ = {
			isa = PBXContainerItemProxy;
			containerPortal = EDC8C3002B8CB0F300A6A2B5 /* Project object */;
			proxyType = 1;
			remoteGlobalIDString = EDC8C3072B8CB0F300A6A2B5;
			remoteInfo = "Executive Timer";
		};
		EDC8C3232B8CB0F600A6A2B5 /* PBXContainerItemProxy */ = {
			isa = PBXContainerItemProxy;
			containerPortal = EDC8C3002B8CB0F300A6A2B5 /* Project object */;
			proxyType = 1;
			remoteGlobalIDString = EDC8C3072B8CB0F300A6A2B5;
			remoteInfo = "Executive Timer";
		};
/* End PBXContainerItemProxy section */

/* Begin PBXFileReference section */
		EDC8C3082B8CB0F300A6A2B5 /* Executive Timer.app */ = {isa = PBXFileReference; explicitFileType = wrapper.application; includeInIndex = 0; path = "Executive Timer.app"; sourceTree = BUILT_PRODUCTS_DIR; };
		EDC8C30B2B8CB0F300A6A2B5 /* Executive_TimerApp.swift */ = {isa = PBXFileReference; lastKnownFileType = sourcecode.swift; path = Executive_TimerApp.swift; sourceTree = "<group>"; };
		EDC8C30D2B8CB0F300A6A2B5 /* TimerView.swift */ = {isa = PBXFileReference; lastKnownFileType = sourcecode.swift; path = TimerView.swift; sourceTree = "<group>"; };
		EDC8C30F2B8CB0F500A6A2B5 /* Assets.xcassets */ = {isa = PBXFileReference; lastKnownFileType = folder.assetcatalog; path = Assets.xcassets; sourceTree = "<group>"; };
		EDC8C3122B8CB0F500A6A2B5 /* Preview Assets.xcassets */ = {isa = PBXFileReference; lastKnownFileType = folder.assetcatalog; path = "Preview Assets.xcassets"; sourceTree = "<group>"; };
		EDC8C3182B8CB0F500A6A2B5 /* Executive TimerTests.xctest */ = {isa = PBXFileReference; explicitFileType = wrapper.cfbundle; includeInIndex = 0; path = "Executive TimerTests.xctest"; sourceTree = BUILT_PRODUCTS_DIR; };
		EDC8C31C2B8CB0F500A6A2B5 /* Executive_TimerTests.swift */ = {isa = PBXFileReference; lastKnownFileType = sourcecode.swift; path = Executive_TimerTests.swift; sourceTree = "<group>"; };
		EDC8C3222B8CB0F600A6A2B5 /* Executive TimerUITests.xctest */ = {isa = PBXFileReference; explicitFileType = wrapper.cfbundle; includeInIndex = 0; path = "Executive TimerUITests.xctest"; sourceTree = BUILT_PRODUCTS_DIR; };
		EDC8C3262B8CB0F600A6A2B5 /* Executive_TimerUITests.swift */ = {isa = PBXFileReference; lastKnownFileType = sourcecode.swift; path = Executive_TimerUITests.swift; sourceTree = "<group>"; };
		EDC8C3282B8CB0F600A6A2B5 /* Executive_TimerUITestsLaunchTests.swift */ = {isa = PBXFileReference; lastKnownFileType = sourcecode.swift; path = Executive_TimerUITestsLaunchTests.swift; sourceTree = "<group>"; };
		EDC8C3352B8CBC3B00A6A2B5 /* ContentView.swift */ = {isa = PBXFileReference; lastKnownFileType = sourcecode.swift; path = ContentView.swift; sourceTree = "<group>"; };
		EDC8C3372B8CBDB700A6A2B5 /* TimerSettingsView.swift */ = {isa = PBXFileReference; lastKnownFileType = sourcecode.swift; path = TimerSettingsView.swift; sourceTree = "<group>"; };
/* End PBXFileReference section */

/* Begin PBXFrameworksBuildPhase section */
		EDC8C3052B8CB0F300A6A2B5 /* Frameworks */ = {
			isa = PBXFrameworksBuildPhase;
			buildActionMask = 2147483647;
			files = (
			);
			runOnlyForDeploymentPostprocessing = 0;
		};
		EDC8C3152B8CB0F500A6A2B5 /* Frameworks */ = {
			isa = PBXFrameworksBuildPhase;
			buildActionMask = 2147483647;
			files = (
			);
			runOnlyForDeploymentPostprocessing = 0;
		};
		EDC8C31F2B8CB0F600A6A2B5 /* Frameworks */ = {
			isa = PBXFrameworksBuildPhase;
			buildActionMask = 2147483647;
			files = (
			);
			runOnlyForDeploymentPostprocessing = 0;
		};
/* End PBXFrameworksBuildPhase section */

/* Begin PBXGroup section */
		EDC8C2FF2B8CB0F300A6A2B5 = {
			isa = PBXGroup;
			children = (
				EDC8C30A2B8CB0F300A6A2B5 /* Executive Timer */,
				EDC8C31B2B8CB0F500A6A2B5 /* Executive TimerTests */,
				EDC8C3252B8CB0F600A6A2B5 /* Executive TimerUITests */,
				EDC8C3092B8CB0F300A6A2B5 /* Products */,
			);
			sourceTree = "<group>";
		};
		EDC8C3092B8CB0F300A6A2B5 /* Products */ = {
			isa = PBXGroup;
			children = (
				EDC8C3082B8CB0F300A6A2B5 /* Executive Timer.app */,
				EDC8C3182B8CB0F500A6A2B5 /* Executive TimerTests.xctest */,
				EDC8C3222B8CB0F600A6A2B5 /* Executive TimerUITests.xctest */,
			);
			name = Products;
			sourceTree = "<group>";
		};
		EDC8C30A2B8CB0F300A6A2B5 /* Executive Timer */ = {
			isa = PBXGroup;
			children = (
				EDC8C30B2B8CB0F300A6A2B5 /* Executive_TimerApp.swift */,
				EDC8C30D2B8CB0F300A6A2B5 /* TimerView.swift */,
				EDC8C3352B8CBC3B00A6A2B5 /* ContentView.swift */,
				EDC8C3372B8CBDB700A6A2B5 /* TimerSettingsView.swift */,
				EDC8C30F2B8CB0F500A6A2B5 /* Assets.xcassets */,
				EDC8C3112B8CB0F500A6A2B5 /* Preview Content */,
			);
			path = "Executive Timer";
			sourceTree = "<group>";
		};
		EDC8C3112B8CB0F500A6A2B5 /* Preview Content */ = {
			isa = PBXGroup;
			children = (
				EDC8C3122B8CB0F500A6A2B5 /* Preview Assets.xcassets */,
			);
			path = "Preview Content";
			sourceTree = "<group>";
		};
		EDC8C31B2B8CB0F500A6A2B5 /* Executive TimerTests */ = {
			isa = PBXGroup;
			children = (
				EDC8C31C2B8CB0F500A6A2B5 /* Executive_TimerTests.swift */,
			);
			path = "Executive TimerTests";
			sourceTree = "<group>";
		};
		EDC8C3252B8CB0F600A6A2B5 /* Executive TimerUITests */ = {
			isa = PBXGroup;
			children = (
				EDC8C3262B8CB0F600A6A2B5 /* Executive_TimerUITests.swift */,
				EDC8C3282B8CB0F600A6A2B5 /* Executive_TimerUITestsLaunchTests.swift */,
			);
			path = "Executive TimerUITests";
			sourceTree = "<group>";
		};
/* End PBXGroup section */

/* Begin PBXNativeTarget section */
		EDC8C3072B8CB0F300A6A2B5 /* Executive Timer */ = {
			isa = PBXNativeTarget;
			buildConfigurationList = EDC8C32C2B8CB0F600A6A2B5 /* Build configuration list for PBXNativeTarget "Executive Timer" */;
			buildPhases = (
				EDC8C3042B8CB0F300A6A2B5 /* Sources */,
				EDC8C3052B8CB0F300A6A2B5 /* Frameworks */,
				EDC8C3062B8CB0F300A6A2B5 /* Resources */,
			);
			buildRules = (
			);
			dependencies = (
			);
			name = "Executive Timer";
			productName = "Executive Timer";
			productReference = EDC8C3082B8CB0F300A6A2B5 /* Executive Timer.app */;
			productType = "com.apple.product-type.application";
		};
		EDC8C3172B8CB0F500A6A2B5 /* Executive TimerTests */ = {
			isa = PBXNativeTarget;
			buildConfigurationList = EDC8C32F2B8CB0F600A6A2B5 /* Build configuration list for PBXNativeTarget "Executive TimerTests" */;
			buildPhases = (
				EDC8C3142B8CB0F500A6A2B5 /* Sources */,
				EDC8C3152B8CB0F500A6A2B5 /* Frameworks */,
				EDC8C3162B8CB0F500A6A2B5 /* Resources */,
			);
			buildRules = (
			);
			dependencies = (
				EDC8C31A2B8CB0F500A6A2B5 /* PBXTargetDependency */,
			);
			name = "Executive TimerTests";
			productName = "Executive TimerTests";
			productReference = EDC8C3182B8CB0F500A6A2B5 /* Executive TimerTests.xctest */;
			productType = "com.apple.product-type.bundle.unit-test";
		};
		EDC8C3212B8CB0F600A6A2B5 /* Executive TimerUITests */ = {
			isa = PBXNativeTarget;
			buildConfigurationList = EDC8C3322B8CB0F600A6A2B5 /* Build configuration list for PBXNativeTarget "Executive TimerUITests" */;
			buildPhases = (
				EDC8C31E2B8CB0F600A6A2B5 /* Sources */,
				EDC8C31F2B8CB0F600A6A2B5 /* Frameworks */,
				EDC8C3202B8CB0F600A6A2B5 /* Resources */,
			);
			buildRules = (
			);
			dependencies = (
				EDC8C3242B8CB0F600A6A2B5 /* PBXTargetDependency */,
			);
			name = "Executive TimerUITests";
			productName = "Executive TimerUITests";
			productReference = EDC8C3222B8CB0F600A6A2B5 /* Executive TimerUITests.xctest */;
			productType = "com.apple.product-type.bundle.ui-testing";
		};
/* End PBXNativeTarget section */

/* Begin PBXProject section */
		EDC8C3002B8CB0F300A6A2B5 /* Project object */ = {
			isa = PBXProject;
			attributes = {
				BuildIndependentTargetsInParallel = 1;
				LastSwiftUpdateCheck = 1520;
				LastUpgradeCheck = 1520;
				TargetAttributes = {
					EDC8C3072B8CB0F300A6A2B5 = {
						CreatedOnToolsVersion = 15.2;
					};
					EDC8C3172B8CB0F500A6A2B5 = {
						CreatedOnToolsVersion = 15.2;
						TestTargetID = EDC8C3072B8CB0F300A6A2B5;
					};
					EDC8C3212B8CB0F600A6A2B5 = {
						CreatedOnToolsVersion = 15.2;
						TestTargetID = EDC8C3072B8CB0F300A6A2B5;
					};
				};
			};
			buildConfigurationList = EDC8C3032B8CB0F300A6A2B5 /* Build configuration list for PBXProject "Executive Timer" */;
			compatibilityVersion = "Xcode 14.0";
			developmentRegion = en;
			hasScannedForEncodings = 0;
			knownRegions = (
				en,
				Base,
			);
			mainGroup = EDC8C2FF2B8CB0F300A6A2B5;
			productRefGroup = EDC8C3092B8CB0F300A6A2B5 /* Products */;
			projectDirPath = "";
			projectRoot = "";
			targets = (
				EDC8C3072B8CB0F300A6A2B5 /* Executive Timer */,
				EDC8C3172B8CB0F500A6A2B5 /* Executive TimerTests */,
				EDC8C3212B8CB0F600A6A2B5 /* Executive TimerUITests */,
			);
		};
/* End PBXProject section */

/* Begin PBXResourcesBuildPhase section */
		EDC8C3062B8CB0F300A6A2B5 /* Resources */ = {
			isa = PBXResourcesBuildPhase;
			buildActionMask = 2147483647;
			files = (
				EDC8C3132B8CB0F500A6A2B5 /* Preview Assets.xcassets in Resources */,
				EDC8C3102B8CB0F500A6A2B5 /* Assets.xcassets in Resources */,
			);
			runOnlyForDeploymentPostprocessing = 0;
		};
		EDC8C3162B8CB0F500A6A2B5 /* Resources */ = {
			isa = PBXResourcesBuildPhase;
			buildActionMask = 2147483647;
			files = (
			);
			runOnlyForDeploymentPostprocessing = 0;
		};
		EDC8C3202B8CB0F600A6A2B5 /* Resources */ = {
			isa = PBXResourcesBuildPhase;
			buildActionMask = 2147483647;
			files = (
			);
			runOnlyForDeploymentPostprocessing = 0;
		};
/* End PBXResourcesBuildPhase section */

/* Begin PBXSourcesBuildPhase section */
		EDC8C3042B8CB0F300A6A2B5 /* Sources */ = {
			isa = PBXSourcesBuildPhase;
			buildActionMask = 2147483647;
			files = (
				EDC8C30E2B8CB0F300A6A2B5 /* TimerView.swift in Sources */,
				EDC8C30C2B8CB0F300A6A2B5 /* Executive_TimerApp.swift in Sources */,
				EDC8C3362B8CBC3B00A6A2B5 /* ContentView.swift in Sources */,
				EDC8C3382B8CBDB700A6A2B5 /* TimerSettingsView.swift in Sources */,
			);
			runOnlyForDeploymentPostprocessing = 0;
		};
		EDC8C3142B8CB0F500A6A2B5 /* Sources */ = {
			isa = PBXSourcesBuildPhase;
			buildActionMask = 2147483647;
			files = (
				EDC8C31D2B8CB0F500A6A2B5 /* Executive_TimerTests.swift in Sources */,
			);
			runOnlyForDeploymentPostprocessing = 0;
		};
		EDC8C31E2B8CB0F600A6A2B5 /* Sources */ = {
			isa = PBXSourcesBuildPhase;
			buildActionMask = 2147483647;
			files = (
				EDC8C3272B8CB0F600A6A2B5 /* Executive_TimerUITests.swift in Sources */,
				EDC8C3292B8CB0F600A6A2B5 /* Executive_TimerUITestsLaunchTests.swift in Sources */,
			);
			runOnlyForDeploymentPostprocessing = 0;
		};
/* End PBXSourcesBuildPhase section */

/* Begin PBXTargetDependency section */
		EDC8C31A2B8CB0F500A6A2B5 /* PBXTargetDependency */ = {
			isa = PBXTargetDependency;
			target = EDC8C3072B8CB0F300A6A2B5 /* Executive Timer */;
			targetProxy = EDC8C3192B8CB0F500A6A2B5 /* PBXContainerItemProxy */;
		};
		EDC8C3242B8CB0F600A6A2B5 /* PBXTargetDependency */ = {
			isa = PBXTargetDependency;
			target = EDC8C3072B8CB0F300A6A2B5 /* Executive Timer */;
			targetProxy = EDC8C3232B8CB0F600A6A2B5 /* PBXContainerItemProxy */;
		};
/* End PBXTargetDependency section */

/* Begin XCBuildConfiguration section */
		EDC8C32A2B8CB0F600A6A2B5 /* Debug */ = {
			isa = XCBuildConfiguration;
			buildSettings = {
				ALWAYS_SEARCH_USER_PATHS = NO;
				ASSETCATALOG_COMPILER_GENERATE_SWIFT_ASSET_SYMBOL_EXTENSIONS = YES;
				CLANG_ANALYZER_NONNULL = YES;
				CLANG_ANALYZER_NUMBER_OBJECT_CONVERSION = YES_AGGRESSIVE;
				CLANG_CXX_LANGUAGE_STANDARD = "gnu++20";
				CLANG_ENABLE_MODULES = YES;
				CLANG_ENABLE_OBJC_ARC = YES;
				CLANG_ENABLE_OBJC_WEAK = YES;
				CLANG_WARN_BLOCK_CAPTURE_AUTORELEASING = YES;
				CLANG_WARN_BOOL_CONVERSION = YES;
				CLANG_WARN_COMMA = YES;
				CLANG_WARN_CONSTANT_CONVERSION = YES;
				CLANG_WARN_DEPRECATED_OBJC_IMPLEMENTATIONS = YES;
				CLANG_WARN_DIRECT_OBJC_ISA_USAGE = YES_ERROR;
				CLANG_WARN_DOCUMENTATION_COMMENTS = YES;
				CLANG_WARN_EMPTY_BODY = YES;
				CLANG_WARN_ENUM_CONVERSION = YES;
				CLANG_WARN_INFINITE_RECURSION = YES;
				CLANG_WARN_INT_CONVERSION = YES;
				CLANG_WARN_NON_LITERAL_NULL_CONVERSION = YES;
				CLANG_WARN_OBJC_IMPLICIT_RETAIN_SELF = YES;
				CLANG_WARN_OBJC_LITERAL_CONVERSION = YES;
				CLANG_WARN_OBJC_ROOT_CLASS = YES_ERROR;
				CLANG_WARN_QUOTED_INCLUDE_IN_FRAMEWORK_HEADER = YES;
				CLANG_WARN_RANGE_LOOP_ANALYSIS = YES;
				CLANG_WARN_STRICT_PROTOTYPES = YES;
				CLANG_WARN_SUSPICIOUS_MOVE = YES;
				CLANG_WARN_UNGUARDED_AVAILABILITY = YES_AGGRESSIVE;
				CLANG_WARN_UNREACHABLE_CODE = YES;
				CLANG_WARN__DUPLICATE_METHOD_MATCH = YES;
				COPY_PHASE_STRIP = NO;
				DEBUG_INFORMATION_FORMAT = dwarf;
				ENABLE_STRICT_OBJC_MSGSEND = YES;
				ENABLE_TESTABILITY = YES;
				ENABLE_USER_SCRIPT_SANDBOXING = YES;
				GCC_C_LANGUAGE_STANDARD = gnu17;
				GCC_DYNAMIC_NO_PIC = NO;
				GCC_NO_COMMON_BLOCKS = YES;
				GCC_OPTIMIZATION_LEVEL = 0;
				GCC_PREPROCESSOR_DEFINITIONS = (
					"DEBUG=1",
					"$(inherited)",
				);
				GCC_WARN_64_TO_32_BIT_CONVERSION = YES;
				GCC_WARN_ABOUT_RETURN_TYPE = YES_ERROR;
				GCC_WARN_UNDECLARED_SELECTOR = YES;
				GCC_WARN_UNINITIALIZED_AUTOS = YES_AGGRESSIVE;
				GCC_WARN_UNUSED_FUNCTION = YES;
				GCC_WARN_UNUSED_VARIABLE = YES;
				IPHONEOS_DEPLOYMENT_TARGET = 17.2;
				LOCALIZATION_PREFERS_STRING_CATALOGS = YES;
				MTL_ENABLE_DEBUG_INFO = INCLUDE_SOURCE;
				MTL_FAST_MATH = YES;
				ONLY_ACTIVE_ARCH = YES;
				SDKROOT = iphoneos;
				SWIFT_ACTIVE_COMPILATION_CONDITIONS = "DEBUG $(inherited)";
				SWIFT_OPTIMIZATION_LEVEL = "-Onone";
			};
			name = Debug;
		};
		EDC8C32B2B8CB0F600A6A2B5 /* Release */ = {
			isa = XCBuildConfiguration;
			buildSettings = {
				ALWAYS_SEARCH_USER_PATHS = NO;
				ASSETCATALOG_COMPILER_GENERATE_SWIFT_ASSET_SYMBOL_EXTENSIONS = YES;
				CLANG_ANALYZER_NONNULL = YES;
				CLANG_ANALYZER_NUMBER_OBJECT_CONVERSION = YES_AGGRESSIVE;
				CLANG_CXX_LANGUAGE_STANDARD = "gnu++20";
				CLANG_ENABLE_MODULES = YES;
				CLANG_ENABLE_OBJC_ARC = YES;
				CLANG_ENABLE_OBJC_WEAK = YES;
				CLANG_WARN_BLOCK_CAPTURE_AUTORELEASING = YES;
				CLANG_WARN_BOOL_CONVERSION = YES;
				CLANG_WARN_COMMA = YES;
				CLANG_WARN_CONSTANT_CONVERSION = YES;
				CLANG_WARN_DEPRECATED_OBJC_IMPLEMENTATIONS = YES;
				CLANG_WARN_DIRECT_OBJC_ISA_USAGE = YES_ERROR;
				CLANG_WARN_DOCUMENTATION_COMMENTS = YES;
				CLANG_WARN_EMPTY_BODY = YES;
				CLANG_WARN_ENUM_CONVERSION = YES;
				CLANG_WARN_INFINITE_RECURSION = YES;
				CLANG_WARN_INT_CONVERSION = YES;
				CLANG_WARN_NON_LITERAL_NULL_CONVERSION = YES;
				CLANG_WARN_OBJC_IMPLICIT_RETAIN_SELF = YES;
				CLANG_WARN_OBJC_LITERAL_CONVERSION = YES;
				CLANG_WARN_OBJC_ROOT_CLASS = YES_ERROR;
				CLANG_WARN_QUOTED_INCLUDE_IN_FRAMEWORK_HEADER = YES;
				CLANG_WARN_RANGE_LOOP_ANALYSIS = YES;
				CLANG_WARN_STRICT_PROTOTYPES = YES;
				CLANG_WARN_SUSPICIOUS_MOVE = YES;
				CLANG_WARN_UNGUARDED_AVAILABILITY = YES_AGGRESSIVE;
				CLANG_WARN_UNREACHABLE_CODE = YES;
				CLANG_WARN__DUPLICATE_METHOD_MATCH = YES;
				COPY_PHASE_STRIP = NO;
				DEBUG_INFORMATION_FORMAT = "dwarf-with-dsym";
				ENABLE_NS_ASSERTIONS = NO;
				ENABLE_STRICT_OBJC_MSGSEND = YES;
				ENABLE_USER_SCRIPT_SANDBOXING = YES;
				GCC_C_LANGUAGE_STANDARD = gnu17;
				GCC_NO_COMMON_BLOCKS = YES;
				GCC_WARN_64_TO_32_BIT_CONVERSION = YES;
				GCC_WARN_ABOUT_RETURN_TYPE = YES_ERROR;
				GCC_WARN_UNDECLARED_SELECTOR = YES;
				GCC_WARN_UNINITIALIZED_AUTOS = YES_AGGRESSIVE;
				GCC_WARN_UNUSED_FUNCTION = YES;
				GCC_WARN_UNUSED_VARIABLE = YES;
				IPHONEOS_DEPLOYMENT_TARGET = 17.2;
				LOCALIZATION_PREFERS_STRING_CATALOGS = YES;
				MTL_ENABLE_DEBUG_INFO = NO;
				MTL_FAST_MATH = YES;
				SDKROOT = iphoneos;
				SWIFT_COMPILATION_MODE = wholemodule;
				VALIDATE_PRODUCT = YES;
			};
			name = Release;
		};
		EDC8C32D2B8CB0F600A6A2B5 /* Debug */ = {
			isa = XCBuildConfiguration;
			buildSettings = {
				ASSETCATALOG_COMPILER_APPICON_NAME = AppIcon;
				ASSETCATALOG_COMPILER_GLOBAL_ACCENT_COLOR_NAME = AccentColor;
				CODE_SIGN_STYLE = Automatic;
				CURRENT_PROJECT_VERSION = 1;
				DEVELOPMENT_ASSET_PATHS = "\"Executive Timer/Preview Content\"";
				ENABLE_PREVIEWS = YES;
				GENERATE_INFOPLIST_FILE = YES;
				INFOPLIST_KEY_UIApplicationSceneManifest_Generation = YES;
				INFOPLIST_KEY_UIApplicationSupportsIndirectInputEvents = YES;
				INFOPLIST_KEY_UILaunchScreen_Generation = YES;
				INFOPLIST_KEY_UISupportedInterfaceOrientations_iPad = "UIInterfaceOrientationPortrait UIInterfaceOrientationPortraitUpsideDown UIInterfaceOrientationLandscapeLeft UIInterfaceOrientationLandscapeRight";
				INFOPLIST_KEY_UISupportedInterfaceOrientations_iPhone = "UIInterfaceOrientationPortrait UIInterfaceOrientationLandscapeLeft UIInterfaceOrientationLandscapeRight";
				LD_RUNPATH_SEARCH_PATHS = (
					"$(inherited)",
					"@executable_path/Frameworks",
				);
				MARKETING_VERSION = 1.0;
				PRODUCT_BUNDLE_IDENTIFIER = "classes.Executive-Timer";
				PRODUCT_NAME = "$(TARGET_NAME)";
				SWIFT_EMIT_LOC_STRINGS = YES;
				SWIFT_VERSION = 5.0;
				TARGETED_DEVICE_FAMILY = "1,2";
			};
			name = Debug;
		};
		EDC8C32E2B8CB0F600A6A2B5 /* Release */ = {
			isa = XCBuildConfiguration;
			buildSettings = {
				ASSETCATALOG_COMPILER_APPICON_NAME = AppIcon;
				ASSETCATALOG_COMPILER_GLOBAL_ACCENT_COLOR_NAME = AccentColor;
				CODE_SIGN_STYLE = Automatic;
				CURRENT_PROJECT_VERSION = 1;
				DEVELOPMENT_ASSET_PATHS = "\"Executive Timer/Preview Content\"";
				ENABLE_PREVIEWS = YES;
				GENERATE_INFOPLIST_FILE = YES;
				INFOPLIST_KEY_UIApplicationSceneManifest_Generation = YES;
				INFOPLIST_KEY_UIApplicationSupportsIndirectInputEvents = YES;
				INFOPLIST_KEY_UILaunchScreen_Generation = YES;
				INFOPLIST_KEY_UISupportedInterfaceOrientations_iPad = "UIInterfaceOrientationPortrait UIInterfaceOrientationPortraitUpsideDown UIInterfaceOrientationLandscapeLeft UIInterfaceOrientationLandscapeRight";
				INFOPLIST_KEY_UISupportedInterfaceOrientations_iPhone = "UIInterfaceOrientationPortrait UIInterfaceOrientationLandscapeLeft UIInterfaceOrientationLandscapeRight";
				LD_RUNPATH_SEARCH_PATHS = (
					"$(inherited)",
					"@executable_path/Frameworks",
				);
				MARKETING_VERSION = 1.0;
				PRODUCT_BUNDLE_IDENTIFIER = "classes.Executive-Timer";
				PRODUCT_NAME = "$(TARGET_NAME)";
				SWIFT_EMIT_LOC_STRINGS = YES;
				SWIFT_VERSION = 5.0;
				TARGETED_DEVICE_FAMILY = "1,2";
			};
			name = Release;
		};
		EDC8C3302B8CB0F600A6A2B5 /* Debug */ = {
			isa = XCBuildConfiguration;
			buildSettings = {
				ALWAYS_EMBED_SWIFT_STANDARD_LIBRARIES = YES;
				BUNDLE_LOADER = "$(TEST_HOST)";
				CODE_SIGN_STYLE = Automatic;
				CURRENT_PROJECT_VERSION = 1;
				GENERATE_INFOPLIST_FILE = YES;
				IPHONEOS_DEPLOYMENT_TARGET = 17.2;
				MARKETING_VERSION = 1.0;
				PRODUCT_BUNDLE_IDENTIFIER = "classes.Executive-TimerTests";
				PRODUCT_NAME = "$(TARGET_NAME)";
				SWIFT_EMIT_LOC_STRINGS = NO;
				SWIFT_VERSION = 5.0;
				TARGETED_DEVICE_FAMILY = "1,2";
				TEST_HOST = "$(BUILT_PRODUCTS_DIR)/Executive Timer.app/$(BUNDLE_EXECUTABLE_FOLDER_PATH)/Executive Timer";
			};
			name = Debug;
		};
		EDC8C3312B8CB0F600A6A2B5 /* Release */ = {
			isa = XCBuildConfiguration;
			buildSettings = {
				ALWAYS_EMBED_SWIFT_STANDARD_LIBRARIES = YES;
				BUNDLE_LOADER = "$(TEST_HOST)";
				CODE_SIGN_STYLE = Automatic;
				CURRENT_PROJECT_VERSION = 1;
				GENERATE_INFOPLIST_FILE = YES;
				IPHONEOS_DEPLOYMENT_TARGET = 17.2;
				MARKETING_VERSION = 1.0;
				PRODUCT_BUNDLE_IDENTIFIER = "classes.Executive-TimerTests";
				PRODUCT_NAME = "$(TARGET_NAME)";
				SWIFT_EMIT_LOC_STRINGS = NO;
				SWIFT_VERSION = 5.0;
				TARGETED_DEVICE_FAMILY = "1,2";
				TEST_HOST = "$(BUILT_PRODUCTS_DIR)/Executive Timer.app/$(BUNDLE_EXECUTABLE_FOLDER_PATH)/Executive Timer";
			};
			name = Release;
		};
		EDC8C3332B8CB0F600A6A2B5 /* Debug */ = {
			isa = XCBuildConfiguration;
			buildSettings = {
				ALWAYS_EMBED_SWIFT_STANDARD_LIBRARIES = YES;
				CODE_SIGN_STYLE = Automatic;
				CURRENT_PROJECT_VERSION = 1;
				GENERATE_INFOPLIST_FILE = YES;
				MARKETING_VERSION = 1.0;
				PRODUCT_BUNDLE_IDENTIFIER = "classes.Executive-TimerUITests";
				PRODUCT_NAME = "$(TARGET_NAME)";
				SWIFT_EMIT_LOC_STRINGS = NO;
				SWIFT_VERSION = 5.0;
				TARGETED_DEVICE_FAMILY = "1,2";
				TEST_TARGET_NAME = "Executive Timer";
			};
			name = Debug;
		};
		EDC8C3342B8CB0F600A6A2B5 /* Release */ = {
			isa = XCBuildConfiguration;
			buildSettings = {
				ALWAYS_EMBED_SWIFT_STANDARD_LIBRARIES = YES;
				CODE_SIGN_STYLE = Automatic;
				CURRENT_PROJECT_VERSION = 1;
				GENERATE_INFOPLIST_FILE = YES;
				MARKETING_VERSION = 1.0;
				PRODUCT_BUNDLE_IDENTIFIER = "classes.Executive-TimerUITests";
				PRODUCT_NAME = "$(TARGET_NAME)";
				SWIFT_EMIT_LOC_STRINGS = NO;
				SWIFT_VERSION = 5.0;
				TARGETED_DEVICE_FAMILY = "1,2";
				TEST_TARGET_NAME = "Executive Timer";
			};
			name = Release;
		};
/* End XCBuildConfiguration section */

/* Begin XCConfigurationList section */
		EDC8C3032B8CB0F300A6A2B5 /* Build configuration list for PBXProject "Executive Timer" */ = {
			isa = XCConfigurationList;
			buildConfigurations = (
				EDC8C32A2B8CB0F600A6A2B5 /* Debug */,
				EDC8C32B2B8CB0F600A6A2B5 /* Release */,
			);
			defaultConfigurationIsVisible = 0;
			defaultConfigurationName = Release;
		};
		EDC8C32C2B8CB0F600A6A2B5 /* Build configuration list for PBXNativeTarget "Executive Timer" */ = {
			isa = XCConfigurationList;
			buildConfigurations = (
				EDC8C32D2B8CB0F600A6A2B5 /* Debug */,
				EDC8C32E2B8CB0F600A6A2B5 /* Release */,
			);
			defaultConfigurationIsVisible = 0;
			defaultConfigurationName = Release;
		};
		EDC8C32F2B8CB0F600A6A2B5 /* Build configuration list for PBXNativeTarget "Executive TimerTests" */ = {
			isa = XCConfigurationList;
			buildConfigurations = (
				EDC8C3302B8CB0F600A6A2B5 /* Debug */,
				EDC8C3312B8CB0F600A6A2B5 /* Release */,
			);
			defaultConfigurationIsVisible = 0;
			defaultConfigurationName = Release;
		};
		EDC8C3322B8CB0F600A6A2B5 /* Build configuration list for PBXNativeTarget "Executive TimerUITests" */ = {
			isa = XCConfigurationList;
			buildConfigurations = (
				EDC8C3332B8CB0F600A6A2B5 /* Debug */,
				EDC8C3342B8CB0F600A6A2B5 /* Release */,
			);
			defaultConfigurationIsVisible = 0;
			defaultConfigurationName = Release;
		};
/* End XCConfigurationList section */
	};
	rootObject = EDC8C3002B8CB0F300A6A2B5 /* Project object */;
}
